
Microsoft Visual Studio Solution File, Format Version 12.00
# Visual Studio Version 17
VisualStudioVersion = 17.0.31903.59
MinimumVisualStudioVersion = 10.0.40219.1
Project("{2150E333-8FDC-42A3-9474-1A3956D46DE8}") = "src", "src", "{358748A3-92ED-472E-BCF4-A821BB61D58C}"
EndProject
Project("{FAE04EC0-301F-11D3-BF4B-00C04F79EFBC}") = "EvaExchange.API", "src\EvaExchange.API\EvaExchange.API.csproj", "{CA013E79-B5D1-4D84-A087-E137A1D1DDFA}"
EndProject
Global
	GlobalSection(SolutionConfigurationPlatforms) = preSolution
		Debug|Any CPU = Debug|Any CPU
		Release|Any CPU = Release|Any CPU
	EndGlobalSection
	GlobalSection(SolutionProperties) = preSolution
		HideSolutionNode = FALSE
	EndGlobalSection
	GlobalSection(ProjectConfigurationPlatforms) = postSolution
		{CA013E79-B5D1-4D84-A087-E137A1D1DDFA}.Debug|Any CPU.ActiveCfg = Debug|Any CPU
		{CA013E79-B5D1-4D84-A087-E137A1D1DDFA}.Debug|Any CPU.Build.0 = Debug|Any CPU
		{CA013E79-B5D1-4D84-A087-E137A1D1DDFA}.Release|Any CPU.ActiveCfg = Release|Any CPU
		{CA013E79-B5D1-4D84-A087-E137A1D1DDFA}.Release|Any CPU.Build.0 = Release|Any CPU
	EndGlobalSection
	GlobalSection(NestedProjects) = preSolution
		{CA013E79-B5D1-4D84-A087-E137A1D1DDFA} = {358748A3-92ED-472E-BCF4-A821BB61D58C}
	EndGlobalSection
EndGlobal
